
Microsoft Visual Studio Solution File, Format Version 12.00
# Visual Studio Version 17
VisualStudioVersion = 17.5.002.0
MinimumVisualStudioVersion = 10.0.40219.1
Project("{9A19103F-16F7-4668-BE54-9A1E7A4F7556}") = "API", "API\API.csproj", "{11EC570B-BE5A-4C10-8169-AAD97D73D7DD}"
EndProject
Project("{9A19103F-16F7-4668-BE54-9A1E7A4F7556}") = "VersenotCLI", "Versenot-cli\VersenotCLI.csproj", "{208F7A1F-4F8A-4FB0-90AF-26BE630351B9}"
EndProject
Global
	GlobalSection(SolutionConfigurationPlatforms) = preSolution
		Debug|Any CPU = Debug|Any CPU
		Release|Any CPU = Release|Any CPU
	EndGlobalSection
	GlobalSection(ProjectConfigurationPlatforms) = postSolution
		{11EC570B-BE5A-4C10-8169-AAD97D73D7DD}.Debug|Any CPU.ActiveCfg = Debug|Any CPU
		{11EC570B-BE5A-4C10-8169-AAD97D73D7DD}.Debug|Any CPU.Build.0 = Debug|Any CPU
		{11EC570B-BE5A-4C10-8169-AAD97D73D7DD}.Release|Any CPU.ActiveCfg = Release|Any CPU
		{11EC570B-BE5A-4C10-8169-AAD97D73D7DD}.Release|Any CPU.Build.0 = Release|Any CPU
		{208F7A1F-4F8A-4FB0-90AF-26BE630351B9}.Debug|Any CPU.ActiveCfg = Debug|Any CPU
		{208F7A1F-4F8A-4FB0-90AF-26BE630351B9}.Debug|Any CPU.Build.0 = Debug|Any CPU
		{208F7A1F-4F8A-4FB0-90AF-26BE630351B9}.Release|Any CPU.ActiveCfg = Release|Any CPU
		{208F7A1F-4F8A-4FB0-90AF-26BE630351B9}.Release|Any CPU.Build.0 = Release|Any CPU
	EndGlobalSection
	GlobalSection(SolutionProperties) = preSolution
		HideSolutionNode = FALSE
	EndGlobalSection
	GlobalSection(ExtensibilityGlobals) = postSolution
		SolutionGuid = {CD78DC10-F2BF-4AAD-A3B4-8FE345CEEF8A}
	EndGlobalSection
EndGlobal
